
Microsoft Visual Studio Solution File, Format Version 12.00
# Visual Studio Version 16
VisualStudioVersion = 16.0.28729.10
MinimumVisualStudioVersion = 15.0.26124.0
Project("{9A19103F-16F7-4668-BE54-9A1E7A4F7556}") = "EngineHeart.Core", "EngineHeart.Core\EngineHeart.Core.csproj", "{0A94EC77-F86B-4268-B4B3-1781215C7107}"
EndProject
Project("{9A19103F-16F7-4668-BE54-9A1E7A4F7556}") = "EngineHeart.Database", "EngineHeart.Database\EngineHeart.Database.csproj", "{D7EB5681-54B5-4D01-A3B7-8F7CC5409F1D}"
EndProject
Project("{9A19103F-16F7-4668-BE54-9A1E7A4F7556}") = "EngineHeart.App.Desktop", "EngineHeart.App.Desktop\EngineHeart.App.Desktop.csproj", "{12F0D5A4-43D5-4706-B6D8-6FC895411CE0}"
EndProject
Project("{9A19103F-16F7-4668-BE54-9A1E7A4F7556}") = "EngineHeart.App.Web.Server", "EngineHeart.App.Web.Server\EngineHeart.App.Web.Server.csproj", "{B730732C-B133-4947-B98F-A79F857F8EDC}"
EndProject
Project("{9A19103F-16F7-4668-BE54-9A1E7A4F7556}") = "EngineHeart.App.Web.Client", "EngineHeart.App.Web.Client\EngineHeart.App.Web.Client.csproj", "{9CD2AE87-8228-4269-9C12-DC7511BA32B5}"
EndProject
Global
	GlobalSection(SolutionConfigurationPlatforms) = preSolution
		Debug|Any CPU = Debug|Any CPU
		Debug|x64 = Debug|x64
		Debug|x86 = Debug|x86
		Release|Any CPU = Release|Any CPU
		Release|x64 = Release|x64
		Release|x86 = Release|x86
	EndGlobalSection
	GlobalSection(ProjectConfigurationPlatforms) = postSolution
		{0A94EC77-F86B-4268-B4B3-1781215C7107}.Debug|Any CPU.ActiveCfg = Debug|Any CPU
		{0A94EC77-F86B-4268-B4B3-1781215C7107}.Debug|Any CPU.Build.0 = Debug|Any CPU
		{0A94EC77-F86B-4268-B4B3-1781215C7107}.Debug|x64.ActiveCfg = Debug|Any CPU
		{0A94EC77-F86B-4268-B4B3-1781215C7107}.Debug|x64.Build.0 = Debug|Any CPU
		{0A94EC77-F86B-4268-B4B3-1781215C7107}.Debug|x86.ActiveCfg = Debug|Any CPU
		{0A94EC77-F86B-4268-B4B3-1781215C7107}.Debug|x86.Build.0 = Debug|Any CPU
		{0A94EC77-F86B-4268-B4B3-1781215C7107}.Release|Any CPU.ActiveCfg = Release|Any CPU
		{0A94EC77-F86B-4268-B4B3-1781215C7107}.Release|Any CPU.Build.0 = Release|Any CPU
		{0A94EC77-F86B-4268-B4B3-1781215C7107}.Release|x64.ActiveCfg = Release|Any CPU
		{0A94EC77-F86B-4268-B4B3-1781215C7107}.Release|x64.Build.0 = Release|Any CPU
		{0A94EC77-F86B-4268-B4B3-1781215C7107}.Release|x86.ActiveCfg = Release|Any CPU
		{0A94EC77-F86B-4268-B4B3-1781215C7107}.Release|x86.Build.0 = Release|Any CPU
		{D7EB5681-54B5-4D01-A3B7-8F7CC5409F1D}.Debug|Any CPU.ActiveCfg = Debug|Any CPU
		{D7EB5681-54B5-4D01-A3B7-8F7CC5409F1D}.Debug|Any CPU.Build.0 = Debug|Any CPU
		{D7EB5681-54B5-4D01-A3B7-8F7CC5409F1D}.Debug|x64.ActiveCfg = Debug|Any CPU
		{D7EB5681-54B5-4D01-A3B7-8F7CC5409F1D}.Debug|x64.Build.0 = Debug|Any CPU
		{D7EB5681-54B5-4D01-A3B7-8F7CC5409F1D}.Debug|x86.ActiveCfg = Debug|Any CPU
		{D7EB5681-54B5-4D01-A3B7-8F7CC5409F1D}.Debug|x86.Build.0 = Debug|Any CPU
		{D7EB5681-54B5-4D01-A3B7-8F7CC5409F1D}.Release|Any CPU.ActiveCfg = Release|Any CPU
		{D7EB5681-54B5-4D01-A3B7-8F7CC5409F1D}.Release|Any CPU.Build.0 = Release|Any CPU
		{D7EB5681-54B5-4D01-A3B7-8F7CC5409F1D}.Release|x64.ActiveCfg = Release|Any CPU
		{D7EB5681-54B5-4D01-A3B7-8F7CC5409F1D}.Release|x64.Build.0 = Release|Any CPU
		{D7EB5681-54B5-4D01-A3B7-8F7CC5409F1D}.Release|x86.ActiveCfg = Release|Any CPU
		{D7EB5681-54B5-4D01-A3B7-8F7CC5409F1D}.Release|x86.Build.0 = Release|Any CPU
		{12F0D5A4-43D5-4706-B6D8-6FC895411CE0}.Debug|Any CPU.ActiveCfg = Debug|Any CPU
		{12F0D5A4-43D5-4706-B6D8-6FC895411CE0}.Debug|Any CPU.Build.0 = Debug|Any CPU
		{12F0D5A4-43D5-4706-B6D8-6FC895411CE0}.Debug|x64.ActiveCfg = Debug|Any CPU
		{12F0D5A4-43D5-4706-B6D8-6FC895411CE0}.Debug|x64.Build.0 = Debug|Any CPU
		{12F0D5A4-43D5-4706-B6D8-6FC895411CE0}.Debug|x86.ActiveCfg = Debug|Any CPU
		{12F0D5A4-43D5-4706-B6D8-6FC895411CE0}.Debug|x86.Build.0 = Debug|Any CPU
		{12F0D5A4-43D5-4706-B6D8-6FC895411CE0}.Release|Any CPU.ActiveCfg = Release|Any CPU
		{12F0D5A4-43D5-4706-B6D8-6FC895411CE0}.Release|Any CPU.Build.0 = Release|Any CPU
		{12F0D5A4-43D5-4706-B6D8-6FC895411CE0}.Release|x64.ActiveCfg = Release|Any CPU
		{12F0D5A4-43D5-4706-B6D8-6FC895411CE0}.Release|x64.Build.0 = Release|Any CPU
		{12F0D5A4-43D5-4706-B6D8-6FC895411CE0}.Release|x86.ActiveCfg = Release|Any CPU
		{12F0D5A4-43D5-4706-B6D8-6FC895411CE0}.Release|x86.Build.0 = Release|Any CPU
		{B730732C-B133-4947-B98F-A79F857F8EDC}.Debug|Any CPU.ActiveCfg = Debug|Any CPU
		{B730732C-B133-4947-B98F-A79F857F8EDC}.Debug|Any CPU.Build.0 = Debug|Any CPU
		{B730732C-B133-4947-B98F-A79F857F8EDC}.Debug|x64.ActiveCfg = Debug|Any CPU
		{B730732C-B133-4947-B98F-A79F857F8EDC}.Debug|x64.Build.0 = Debug|Any CPU
		{B730732C-B133-4947-B98F-A79F857F8EDC}.Debug|x86.ActiveCfg = Debug|Any CPU
		{B730732C-B133-4947-B98F-A79F857F8EDC}.Debug|x86.Build.0 = Debug|Any CPU
		{B730732C-B133-4947-B98F-A79F857F8EDC}.Release|Any CPU.ActiveCfg = Release|Any CPU
		{B730732C-B133-4947-B98F-A79F857F8EDC}.Release|Any CPU.Build.0 = Release|Any CPU
		{B730732C-B133-4947-B98F-A79F857F8EDC}.Release|x64.ActiveCfg = Release|Any CPU
		{B730732C-B133-4947-B98F-A79F857F8EDC}.Release|x64.Build.0 = Release|Any CPU
		{B730732C-B133-4947-B98F-A79F857F8EDC}.Release|x86.ActiveCfg = Release|Any CPU
		{B730732C-B133-4947-B98F-A79F857F8EDC}.Release|x86.Build.0 = Release|Any CPU
		{9CD2AE87-8228-4269-9C12-DC7511BA32B5}.Debug|Any CPU.ActiveCfg = Debug|Any CPU
		{9CD2AE87-8228-4269-9C12-DC7511BA32B5}.Debug|Any CPU.Build.0 = Debug|Any CPU
		{9CD2AE87-8228-4269-9C12-DC7511BA32B5}.Debug|x64.ActiveCfg = Debug|Any CPU
		{9CD2AE87-8228-4269-9C12-DC7511BA32B5}.Debug|x64.Build.0 = Debug|Any CPU
		{9CD2AE87-8228-4269-9C12-DC7511BA32B5}.Debug|x86.ActiveCfg = Debug|Any CPU
		{9CD2AE87-8228-4269-9C12-DC7511BA32B5}.Debug|x86.Build.0 = Debug|Any CPU
		{9CD2AE87-8228-4269-9C12-DC7511BA32B5}.Release|Any CPU.ActiveCfg = Release|Any CPU
		{9CD2AE87-8228-4269-9C12-DC7511BA32B5}.Release|Any CPU.Build.0 = Release|Any CPU
		{9CD2AE87-8228-4269-9C12-DC7511BA32B5}.Release|x64.ActiveCfg = Release|Any CPU
		{9CD2AE87-8228-4269-9C12-DC7511BA32B5}.Release|x64.Build.0 = Release|Any CPU
		{9CD2AE87-8228-4269-9C12-DC7511BA32B5}.Release|x86.ActiveCfg = Release|Any CPU
		{9CD2AE87-8228-4269-9C12-DC7511BA32B5}.Release|x86.Build.0 = Release|Any CPU
	EndGlobalSection
	GlobalSection(SolutionProperties) = preSolution
		HideSolutionNode = FALSE
	EndGlobalSection
	GlobalSection(ExtensibilityGlobals) = postSolution
		SolutionGuid = {1C90F2AB-A809-43FB-A5DF-10E908B1082F}
	EndGlobalSection
EndGlobal
